
Microsoft Visual Studio Solution File, Format Version 11.00
# Visual Studio 2010
Project("{FAE04EC0-301F-11D3-BF4B-00C04F79EFBC}") = "ArcBruTile", "app\ArcBruTile.csproj", "{501036A0-A949-4E35-A8BF-B375CD6D20C3}"
EndProject
Project("{2150E333-8FDC-42A3-9474-1A3956D46DE8}") = ".nuget", ".nuget", "{D485BEEE-002B-40AA-BAAB-6F0EE3EB4C7B}"
	ProjectSection(SolutionItems) = preProject
		.nuget\NuGet.Config = .nuget\NuGet.Config
		.nuget\NuGet.exe = .nuget\NuGet.exe
		.nuget\NuGet.targets = .nuget\NuGet.targets
	EndProjectSection
EndProject
Project("{54435603-DBB4-11D2-8724-00A0C9A8B90C}") = "ArcBruTileSetup", "ArcBruTileSetup\ArcBruTileSetup.vdproj", "{50369D65-844D-434F-AA41-85AAC9D5923A}"
EndProject
Global
	GlobalSection(SolutionConfigurationPlatforms) = preSolution
		Debug|Any CPU = Debug|Any CPU
		Debug|Mixed Platforms = Debug|Mixed Platforms
		Debug|x86 = Debug|x86
		Release|Any CPU = Release|Any CPU
		Release|Mixed Platforms = Release|Mixed Platforms
		Release|x86 = Release|x86
	EndGlobalSection
	GlobalSection(ProjectConfigurationPlatforms) = postSolution
		{501036A0-A949-4E35-A8BF-B375CD6D20C3}.Debug|Any CPU.ActiveCfg = Debug|Any CPU
		{501036A0-A949-4E35-A8BF-B375CD6D20C3}.Debug|Any CPU.Build.0 = Debug|Any CPU
		{501036A0-A949-4E35-A8BF-B375CD6D20C3}.Debug|Mixed Platforms.ActiveCfg = Debug|Any CPU
		{501036A0-A949-4E35-A8BF-B375CD6D20C3}.Debug|Mixed Platforms.Build.0 = Debug|Any CPU
		{501036A0-A949-4E35-A8BF-B375CD6D20C3}.Debug|x86.ActiveCfg = Debug|Any CPU
		{501036A0-A949-4E35-A8BF-B375CD6D20C3}.Release|Any CPU.ActiveCfg = Release|Any CPU
		{501036A0-A949-4E35-A8BF-B375CD6D20C3}.Release|Any CPU.Build.0 = Release|Any CPU
		{501036A0-A949-4E35-A8BF-B375CD6D20C3}.Release|Mixed Platforms.ActiveCfg = Release|Any CPU
		{501036A0-A949-4E35-A8BF-B375CD6D20C3}.Release|Mixed Platforms.Build.0 = Release|Any CPU
		{501036A0-A949-4E35-A8BF-B375CD6D20C3}.Release|x86.ActiveCfg = Release|Any CPU
		{50369D65-844D-434F-AA41-85AAC9D5923A}.Debug|Any CPU.ActiveCfg = Debug
		{50369D65-844D-434F-AA41-85AAC9D5923A}.Debug|Any CPU.Build.0 = Debug
		{50369D65-844D-434F-AA41-85AAC9D5923A}.Debug|Mixed Platforms.ActiveCfg = Debug
		{50369D65-844D-434F-AA41-85AAC9D5923A}.Debug|Mixed Platforms.Build.0 = Debug
		{50369D65-844D-434F-AA41-85AAC9D5923A}.Debug|x86.ActiveCfg = Debug
		{50369D65-844D-434F-AA41-85AAC9D5923A}.Debug|x86.Build.0 = Debug
		{50369D65-844D-434F-AA41-85AAC9D5923A}.Release|Any CPU.ActiveCfg = Release
		{50369D65-844D-434F-AA41-85AAC9D5923A}.Release|Any CPU.Build.0 = Release
		{50369D65-844D-434F-AA41-85AAC9D5923A}.Release|Mixed Platforms.ActiveCfg = Release
		{50369D65-844D-434F-AA41-85AAC9D5923A}.Release|Mixed Platforms.Build.0 = Release
		{50369D65-844D-434F-AA41-85AAC9D5923A}.Release|x86.ActiveCfg = Release
		{50369D65-844D-434F-AA41-85AAC9D5923A}.Release|x86.Build.0 = Release
	EndGlobalSection
	GlobalSection(SolutionProperties) = preSolution
		HideSolutionNode = FALSE
	EndGlobalSection
	GlobalSection(SubversionScc) = preSolution
		Svn-Managed = True
		Manager = AnkhSVN - Subversion Support for Visual Studio
	EndGlobalSection
EndGlobal
